
Microsoft Visual Studio Solution File, Format Version 12.00
# Visual Studio Version 17
VisualStudioVersion = 17.0.31903.59
MinimumVisualStudioVersion = 10.0.40219.1
Project("{2150E333-8FDC-42A3-9474-1A3956D46DE8}") = "server", "server", "{DAD03CFC-D5FA-AC94-41C7-9ABAB326F09E}"
EndProject
Project("{FAE04EC0-301F-11D3-BF4B-00C04F79EFBC}") = "Bimwright.Ipt.Server", "server\Bimwright.Ipt.Server.csproj", "{1FD18C9F-8457-4012-8B0A-D56F4C3D299F}"
EndProject
Project("{FAE04EC0-301F-11D3-BF4B-00C04F79EFBC}") = "Bimwright.Ipt.Tests", "..\tests\Bimwright.Ipt.Tests\Bimwright.Ipt.Tests.csproj", "{32C747A1-20C2-4E2C-80E9-ABCC1B079C5E}"
EndProject
Project("{2150E333-8FDC-42A3-9474-1A3956D46DE8}") = "plugin-inv22", "plugin-inv22", "{9C9FA9CF-6D36-CA1F-D564-E47ECBBF5CAB}"
EndProject
Project("{FAE04EC0-301F-11D3-BF4B-00C04F79EFBC}") = "Bimwright.Ipt.Plugin.Inv22", "plugin-inv22\Bimwright.Ipt.Plugin.Inv22.csproj", "{4E4F2D6F-7F79-4FA2-9B8A-19F555C32191}"
EndProject
Project("{2150E333-8FDC-42A3-9474-1A3956D46DE8}") = "plugin-inv23", "plugin-inv23", "{F37D1BB2-A011-A7BD-A68F-5BBDE51A66E2}"
EndProject
Project("{FAE04EC0-301F-11D3-BF4B-00C04F79EFBC}") = "Bimwright.Ipt.Plugin.Inv23", "plugin-inv23\Bimwright.Ipt.Plugin.Inv23.csproj", "{F9B0EFD8-0E87-46BA-A684-44EB09F082DF}"
EndProject
Project("{2150E333-8FDC-42A3-9474-1A3956D46DE8}") = "plugin-inv24", "plugin-inv24", "{7443260D-ED01-3389-02EE-CC61895C1867}"
EndProject
Project("{FAE04EC0-301F-11D3-BF4B-00C04F79EFBC}") = "Bimwright.Ipt.Plugin.Inv24", "plugin-inv24\Bimwright.Ipt.Plugin.Inv24.csproj", "{58635A13-7092-4616-8F8A-4CA62C50A025}"
EndProject
Project("{2150E333-8FDC-42A3-9474-1A3956D46DE8}") = "plugin-inv25", "plugin-inv25", "{04CCB75E-6D12-FDBC-4F7C-47B39A0681C4}"
EndProject
Project("{FAE04EC0-301F-11D3-BF4B-00C04F79EFBC}") = "Bimwright.Ipt.Plugin.Inv25", "plugin-inv25\Bimwright.Ipt.Plugin.Inv25.csproj", "{B36BF854-0F43-4419-992F-2442DB24F707}"
EndProject
Project("{2150E333-8FDC-42A3-9474-1A3956D46DE8}") = "plugin-inv26", "plugin-inv26", "{B675A51C-AA36-8D76-35F5-CC89307C0E7C}"
EndProject
Project("{FAE04EC0-301F-11D3-BF4B-00C04F79EFBC}") = "Bimwright.Ipt.Plugin.Inv26", "plugin-inv26\Bimwright.Ipt.Plugin.Inv26.csproj", "{5CD14614-87B2-4A5B-BBE8-3678272E0E5B}"
EndProject
Project("{2150E333-8FDC-42A3-9474-1A3956D46DE8}") = "plugin-inv27", "plugin-inv27", "{978F305B-C645-D657-BC08-843BF9C1C1A4}"
EndProject
Project("{FAE04EC0-301F-11D3-BF4B-00C04F79EFBC}") = "Bimwright.Ipt.Plugin.Inv27", "plugin-inv27\Bimwright.Ipt.Plugin.Inv27.csproj", "{C60D71CA-3D33-4A37-B693-241AA6DF116A}"
EndProject
Global
	GlobalSection(SolutionConfigurationPlatforms) = preSolution
		Debug|Any CPU = Debug|Any CPU
		Debug|x64 = Debug|x64
		Debug|x86 = Debug|x86
		Release|Any CPU = Release|Any CPU
		Release|x64 = Release|x64
		Release|x86 = Release|x86
	EndGlobalSection
	GlobalSection(ProjectConfigurationPlatforms) = postSolution
		{1FD18C9F-8457-4012-8B0A-D56F4C3D299F}.Debug|Any CPU.ActiveCfg = Debug|Any CPU
		{1FD18C9F-8457-4012-8B0A-D56F4C3D299F}.Debug|Any CPU.Build.0 = Debug|Any CPU
		{1FD18C9F-8457-4012-8B0A-D56F4C3D299F}.Debug|x64.ActiveCfg = Debug|Any CPU
		{1FD18C9F-8457-4012-8B0A-D56F4C3D299F}.Debug|x64.Build.0 = Debug|Any CPU
		{1FD18C9F-8457-4012-8B0A-D56F4C3D299F}.Debug|x86.ActiveCfg = Debug|Any CPU
		{1FD18C9F-8457-4012-8B0A-D56F4C3D299F}.Debug|x86.Build.0 = Debug|Any CPU
		{1FD18C9F-8457-4012-8B0A-D56F4C3D299F}.Release|Any CPU.ActiveCfg = Release|Any CPU
		{1FD18C9F-8457-4012-8B0A-D56F4C3D299F}.Release|Any CPU.Build.0 = Release|Any CPU
		{1FD18C9F-8457-4012-8B0A-D56F4C3D299F}.Release|x64.ActiveCfg = Release|Any CPU
		{1FD18C9F-8457-4012-8B0A-D56F4C3D299F}.Release|x64.Build.0 = Release|Any CPU
		{1FD18C9F-8457-4012-8B0A-D56F4C3D299F}.Release|x86.ActiveCfg = Release|Any CPU
		{1FD18C9F-8457-4012-8B0A-D56F4C3D299F}.Release|x86.Build.0 = Release|Any CPU
		{32C747A1-20C2-4E2C-80E9-ABCC1B079C5E}.Debug|Any CPU.ActiveCfg = Debug|Any CPU
		{32C747A1-20C2-4E2C-80E9-ABCC1B079C5E}.Debug|Any CPU.Build.0 = Debug|Any CPU
		{32C747A1-20C2-4E2C-80E9-ABCC1B079C5E}.Debug|x64.ActiveCfg = Debug|Any CPU
		{32C747A1-20C2-4E2C-80E9-ABCC1B079C5E}.Debug|x64.Build.0 = Debug|Any CPU
		{32C747A1-20C2-4E2C-80E9-ABCC1B079C5E}.Debug|x86.ActiveCfg = Debug|Any CPU
		{32C747A1-20C2-4E2C-80E9-ABCC1B079C5E}.Debug|x86.Build.0 = Debug|Any CPU
		{32C747A1-20C2-4E2C-80E9-ABCC1B079C5E}.Release|Any CPU.ActiveCfg = Release|Any CPU
		{32C747A1-20C2-4E2C-80E9-ABCC1B079C5E}.Release|Any CPU.Build.0 = Release|Any CPU
		{32C747A1-20C2-4E2C-80E9-ABCC1B079C5E}.Release|x64.ActiveCfg = Release|Any CPU
		{32C747A1-20C2-4E2C-80E9-ABCC1B079C5E}.Release|x64.Build.0 = Release|Any CPU
		{32C747A1-20C2-4E2C-80E9-ABCC1B079C5E}.Release|x86.ActiveCfg = Release|Any CPU
		{32C747A1-20C2-4E2C-80E9-ABCC1B079C5E}.Release|x86.Build.0 = Release|Any CPU
		{4E4F2D6F-7F79-4FA2-9B8A-19F555C32191}.Debug|Any CPU.ActiveCfg = Debug|Any CPU
		{4E4F2D6F-7F79-4FA2-9B8A-19F555C32191}.Debug|Any CPU.Build.0 = Debug|Any CPU
		{4E4F2D6F-7F79-4FA2-9B8A-19F555C32191}.Debug|x64.ActiveCfg = Debug|Any CPU
		{4E4F2D6F-7F79-4FA2-9B8A-19F555C32191}.Debug|x64.Build.0 = Debug|Any CPU
		{4E4F2D6F-7F79-4FA2-9B8A-19F555C32191}.Debug|x86.ActiveCfg = Debug|Any CPU
		{4E4F2D6F-7F79-4FA2-9B8A-19F555C32191}.Debug|x86.Build.0 = Debug|Any CPU
		{4E4F2D6F-7F79-4FA2-9B8A-19F555C32191}.Release|Any CPU.ActiveCfg = Release|Any CPU
		{4E4F2D6F-7F79-4FA2-9B8A-19F555C32191}.Release|Any CPU.Build.0 = Release|Any CPU
		{4E4F2D6F-7F79-4FA2-9B8A-19F555C32191}.Release|x64.ActiveCfg = Release|Any CPU
		{4E4F2D6F-7F79-4FA2-9B8A-19F555C32191}.Release|x64.Build.0 = Release|Any CPU
		{4E4F2D6F-7F79-4FA2-9B8A-19F555C32191}.Release|x86.ActiveCfg = Release|Any CPU
		{4E4F2D6F-7F79-4FA2-9B8A-19F555C32191}.Release|x86.Build.0 = Release|Any CPU
		{F9B0EFD8-0E87-46BA-A684-44EB09F082DF}.Debug|Any CPU.ActiveCfg = Debug|Any CPU
		{F9B0EFD8-0E87-46BA-A684-44EB09F082DF}.Debug|Any CPU.Build.0 = Debug|Any CPU
		{F9B0EFD8-0E87-46BA-A684-44EB09F082DF}.Debug|x64.ActiveCfg = Debug|Any CPU
		{F9B0EFD8-0E87-46BA-A684-44EB09F082DF}.Debug|x64.Build.0 = Debug|Any CPU
		{F9B0EFD8-0E87-46BA-A684-44EB09F082DF}.Debug|x86.ActiveCfg = Debug|Any CPU
		{F9B0EFD8-0E87-46BA-A684-44EB09F082DF}.Debug|x86.Build.0 = Debug|Any CPU
		{F9B0EFD8-0E87-46BA-A684-44EB09F082DF}.Release|Any CPU.ActiveCfg = Release|Any CPU
		{F9B0EFD8-0E87-46BA-A684-44EB09F082DF}.Release|Any CPU.Build.0 = Release|Any CPU
		{F9B0EFD8-0E87-46BA-A684-44EB09F082DF}.Release|x64.ActiveCfg = Release|Any CPU
		{F9B0EFD8-0E87-46BA-A684-44EB09F082DF}.Release|x64.Build.0 = Release|Any CPU
		{F9B0EFD8-0E87-46BA-A684-44EB09F082DF}.Release|x86.ActiveCfg = Release|Any CPU
		{F9B0EFD8-0E87-46BA-A684-44EB09F082DF}.Release|x86.Build.0 = Release|Any CPU
		{58635A13-7092-4616-8F8A-4CA62C50A025}.Debug|Any CPU.ActiveCfg = Debug|Any CPU
		{58635A13-7092-4616-8F8A-4CA62C50A025}.Debug|Any CPU.Build.0 = Debug|Any CPU
		{58635A13-7092-4616-8F8A-4CA62C50A025}.Debug|x64.ActiveCfg = Debug|Any CPU
		{58635A13-7092-4616-8F8A-4CA62C50A025}.Debug|x64.Build.0 = Debug|Any CPU
		{58635A13-7092-4616-8F8A-4CA62C50A025}.Debug|x86.ActiveCfg = Debug|Any CPU
		{58635A13-7092-4616-8F8A-4CA62C50A025}.Debug|x86.Build.0 = Debug|Any CPU
		{58635A13-7092-4616-8F8A-4CA62C50A025}.Release|Any CPU.ActiveCfg = Release|Any CPU
		{58635A13-7092-4616-8F8A-4CA62C50A025}.Release|Any CPU.Build.0 = Release|Any CPU
		{58635A13-7092-4616-8F8A-4CA62C50A025}.Release|x64.ActiveCfg = Release|Any CPU
		{58635A13-7092-4616-8F8A-4CA62C50A025}.Release|x64.Build.0 = Release|Any CPU
		{58635A13-7092-4616-8F8A-4CA62C50A025}.Release|x86.ActiveCfg = Release|Any CPU
		{58635A13-7092-4616-8F8A-4CA62C50A025}.Release|x86.Build.0 = Release|Any CPU
		{B36BF854-0F43-4419-992F-2442DB24F707}.Debug|Any CPU.ActiveCfg = Debug|Any CPU
		{B36BF854-0F43-4419-992F-2442DB24F707}.Debug|Any CPU.Build.0 = Debug|Any CPU
		{B36BF854-0F43-4419-992F-2442DB24F707}.Debug|x64.ActiveCfg = Debug|Any CPU
		{B36BF854-0F43-4419-992F-2442DB24F707}.Debug|x64.Build.0 = Debug|Any CPU
		{B36BF854-0F43-4419-992F-2442DB24F707}.Debug|x86.ActiveCfg = Debug|Any CPU
		{B36BF854-0F43-4419-992F-2442DB24F707}.Debug|x86.Build.0 = Debug|Any CPU
		{B36BF854-0F43-4419-992F-2442DB24F707}.Release|Any CPU.ActiveCfg = Release|Any CPU
		{B36BF854-0F43-4419-992F-2442DB24F707}.Release|Any CPU.Build.0 = Release|Any CPU
		{B36BF854-0F43-4419-992F-2442DB24F707}.Release|x64.ActiveCfg = Release|Any CPU
		{B36BF854-0F43-4419-992F-2442DB24F707}.Release|x64.Build.0 = Release|Any CPU
		{B36BF854-0F43-4419-992F-2442DB24F707}.Release|x86.ActiveCfg = Release|Any CPU
		{B36BF854-0F43-4419-992F-2442DB24F707}.Release|x86.Build.0 = Release|Any CPU
		{5CD14614-87B2-4A5B-BBE8-3678272E0E5B}.Debug|Any CPU.ActiveCfg = Debug|Any CPU
		{5CD14614-87B2-4A5B-BBE8-3678272E0E5B}.Debug|Any CPU.Build.0 = Debug|Any CPU
		{5CD14614-87B2-4A5B-BBE8-3678272E0E5B}.Debug|x64.ActiveCfg = Debug|Any CPU
		{5CD14614-87B2-4A5B-BBE8-3678272E0E5B}.Debug|x64.Build.0 = Debug|Any CPU
		{5CD14614-87B2-4A5B-BBE8-3678272E0E5B}.Debug|x86.ActiveCfg = Debug|Any CPU
		{5CD14614-87B2-4A5B-BBE8-3678272E0E5B}.Debug|x86.Build.0 = Debug|Any CPU
		{5CD14614-87B2-4A5B-BBE8-3678272E0E5B}.Release|Any CPU.ActiveCfg = Release|Any CPU
		{5CD14614-87B2-4A5B-BBE8-3678272E0E5B}.Release|Any CPU.Build.0 = Release|Any CPU
		{5CD14614-87B2-4A5B-BBE8-3678272E0E5B}.Release|x64.ActiveCfg = Release|Any CPU
		{5CD14614-87B2-4A5B-BBE8-3678272E0E5B}.Release|x64.Build.0 = Release|Any CPU
		{5CD14614-87B2-4A5B-BBE8-3678272E0E5B}.Release|x86.ActiveCfg = Release|Any CPU
		{5CD14614-87B2-4A5B-BBE8-3678272E0E5B}.Release|x86.Build.0 = Release|Any CPU
		{C60D71CA-3D33-4A37-B693-241AA6DF116A}.Debug|Any CPU.ActiveCfg = Debug|Any CPU
		{C60D71CA-3D33-4A37-B693-241AA6DF116A}.Debug|Any CPU.Build.0 = Debug|Any CPU
		{C60D71CA-3D33-4A37-B693-241AA6DF116A}.Debug|x64.ActiveCfg = Debug|Any CPU
		{C60D71CA-3D33-4A37-B693-241AA6DF116A}.Debug|x64.Build.0 = Debug|Any CPU
		{C60D71CA-3D33-4A37-B693-241AA6DF116A}.Debug|x86.ActiveCfg = Debug|Any CPU
		{C60D71CA-3D33-4A37-B693-241AA6DF116A}.Debug|x86.Build.0 = Debug|Any CPU
		{C60D71CA-3D33-4A37-B693-241AA6DF116A}.Release|Any CPU.ActiveCfg = Release|Any CPU
		{C60D71CA-3D33-4A37-B693-241AA6DF116A}.Release|Any CPU.Build.0 = Release|Any CPU
		{C60D71CA-3D33-4A37-B693-241AA6DF116A}.Release|x64.ActiveCfg = Release|Any CPU
		{C60D71CA-3D33-4A37-B693-241AA6DF116A}.Release|x64.Build.0 = Release|Any CPU
		{C60D71CA-3D33-4A37-B693-241AA6DF116A}.Release|x86.ActiveCfg = Release|Any CPU
		{C60D71CA-3D33-4A37-B693-241AA6DF116A}.Release|x86.Build.0 = Release|Any CPU
	EndGlobalSection
	GlobalSection(SolutionProperties) = preSolution
		HideSolutionNode = FALSE
	EndGlobalSection
	GlobalSection(NestedProjects) = preSolution
		{1FD18C9F-8457-4012-8B0A-D56F4C3D299F} = {DAD03CFC-D5FA-AC94-41C7-9ABAB326F09E}
		{4E4F2D6F-7F79-4FA2-9B8A-19F555C32191} = {9C9FA9CF-6D36-CA1F-D564-E47ECBBF5CAB}
		{F9B0EFD8-0E87-46BA-A684-44EB09F082DF} = {F37D1BB2-A011-A7BD-A68F-5BBDE51A66E2}
		{58635A13-7092-4616-8F8A-4CA62C50A025} = {7443260D-ED01-3389-02EE-CC61895C1867}
		{B36BF854-0F43-4419-992F-2442DB24F707} = {04CCB75E-6D12-FDBC-4F7C-47B39A0681C4}
		{5CD14614-87B2-4A5B-BBE8-3678272E0E5B} = {B675A51C-AA36-8D76-35F5-CC89307C0E7C}
		{C60D71CA-3D33-4A37-B693-241AA6DF116A} = {978F305B-C645-D657-BC08-843BF9C1C1A4}
	EndGlobalSection
EndGlobal
